
Microsoft Visual Studio Solution File, Format Version 12.00
# Visual Studio 15
VisualStudioVersion = 15.0.28307.489
MinimumVisualStudioVersion = 10.0.40219.1
Project("{FAE04EC0-301F-11D3-BF4B-00C04F79EFBC}") = "WindowsFormsApplication1", "WindowsFormsApplication1\WindowsFormsApplication1.csproj", "{71A1AA20-29A3-462F-BCD5-E0B3860BDCA3}"
EndProject
Global
	GlobalSection(SolutionConfigurationPlatforms) = preSolution
		Debug|Any CPU = Debug|Any CPU
		Release|Any CPU = Release|Any CPU
	EndGlobalSection
	GlobalSection(ProjectConfigurationPlatforms) = postSolution
		{71A1AA20-29A3-462F-BCD5-E0B3860BDCA3}.Debug|Any CPU.ActiveCfg = Debug|Any CPU
		{71A1AA20-29A3-462F-BCD5-E0B3860BDCA3}.Debug|Any CPU.Build.0 = Debug|Any CPU
		{71A1AA20-29A3-462F-BCD5-E0B3860BDCA3}.Release|Any CPU.ActiveCfg = Release|Any CPU
		{71A1AA20-29A3-462F-BCD5-E0B3860BDCA3}.Release|Any CPU.Build.0 = Release|Any CPU
	EndGlobalSection
	GlobalSection(SolutionProperties) = preSolution
		HideSolutionNode = FALSE
	EndGlobalSection
	GlobalSection(ExtensibilityGlobals) = postSolution
		SolutionGuid = {0F9FC8D1-27DA-46E3-8E5C-08B9247C93D8}
	EndGlobalSection
EndGlobal
